// !$*UTF8*$!
{
	archiveVersion = 1;
	classes = {
	};
	objectVersion = 50;
	objects = {

/* Begin PBXBuildFile section */
		95674F0726F2290C0014D1D5 /* AppDelegate.swift in Sources */ = {isa = PBXBuildFile; fileRef = 95674F0626F2290C0014D1D5 /* AppDelegate.swift */; };
		95674F0926F2290C0014D1D5 /* SceneDelegate.swift in Sources */ = {isa = PBXBuildFile; fileRef = 95674F0826F2290C0014D1D5 /* SceneDelegate.swift */; };
		95674F0B26F2290C0014D1D5 /* MainViewController.swift in Sources */ = {isa = PBXBuildFile; fileRef = 95674F0A26F2290C0014D1D5 /* MainViewController.swift */; };
		95674F0E26F2290C0014D1D5 /* Main.storyboard in Resources */ = {isa = PBXBuildFile; fileRef = 95674F0C26F2290C0014D1D5 /* Main.storyboard */; };
		95674F1026F229110014D1D5 /* Assets.xcassets in Resources */ = {isa = PBXBuildFile; fileRef = 95674F0F26F229110014D1D5 /* Assets.xcassets */; };
		95674F1326F229110014D1D5 /* LaunchScreen.storyboard in Resources */ = {isa = PBXBuildFile; fileRef = 95674F1126F229110014D1D5 /* LaunchScreen.storyboard */; };
		95674F1B26F229440014D1D5 /* Coordinator.swift in Sources */ = {isa = PBXBuildFile; fileRef = 95674F1A26F229440014D1D5 /* Coordinator.swift */; };
		95674F2226F23CF70014D1D5 /* ChooseColor.storyboard in Resources */ = {isa = PBXBuildFile; fileRef = 95674F2126F23CF70014D1D5 /* ChooseColor.storyboard */; };
		95674F2426F23D0A0014D1D5 /* Color.storyboard in Resources */ = {isa = PBXBuildFile; fileRef = 95674F2326F23D0A0014D1D5 /* Color.storyboard */; };
		95674F2626F23D370014D1D5 /* ChooseColorViewController.swift in Sources */ = {isa = PBXBuildFile; fileRef = 95674F2526F23D370014D1D5 /* ChooseColorViewController.swift */; };
		95674F2826F23D440014D1D5 /* ColorViewController.swift in Sources */ = {isa = PBXBuildFile; fileRef = 95674F2726F23D440014D1D5 /* ColorViewController.swift */; };
		95674F2A26F241C70014D1D5 /* Storyboarded.swift in Sources */ = {isa = PBXBuildFile; fileRef = 95674F2926F241C70014D1D5 /* Storyboarded.swift */; };
		95674F2C26F2445C0014D1D5 /* MainCoordinator.swift in Sources */ = {isa = PBXBuildFile; fileRef = 95674F2B26F2445C0014D1D5 /* MainCoordinator.swift */; };
		95D0C53026F38BBF002F563D /* NumderRequestManager.swift in Sources */ = {isa = PBXBuildFile; fileRef = 95D0C52F26F38BBF002F563D /* NumderRequestManager.swift */; };
		95D0C53726F491E3002F563D /* ChooseColorViewModule.swift in Sources */ = {isa = PBXBuildFile; fileRef = 95D0C53626F491E3002F563D /* ChooseColorViewModule.swift */; };
		95D0C53C26F4951E002F563D /* ColorViewModel.swift in Sources */ = {isa = PBXBuildFile; fileRef = 95D0C53B26F4951E002F563D /* ColorViewModel.swift */; };
/* End PBXBuildFile section */

/* Begin PBXFileReference section */
		95674F0326F2290C0014D1D5 /* CoordinatorTestUIKit.app */ = {isa = PBXFileReference; explicitFileType = wrapper.application; includeInIndex = 0; path = CoordinatorTestUIKit.app; sourceTree = BUILT_PRODUCTS_DIR; };
		95674F0626F2290C0014D1D5 /* AppDelegate.swift */ = {isa = PBXFileReference; lastKnownFileType = sourcecode.swift; path = AppDelegate.swift; sourceTree = "<group>"; };
		95674F0826F2290C0014D1D5 /* SceneDelegate.swift */ = {isa = PBXFileReference; lastKnownFileType = sourcecode.swift; path = SceneDelegate.swift; sourceTree = "<group>"; };
		95674F0A26F2290C0014D1D5 /* MainViewController.swift */ = {isa = PBXFileReference; lastKnownFileType = sourcecode.swift; path = MainViewController.swift; sourceTree = "<group>"; };
		95674F0D26F2290C0014D1D5 /* Base */ = {isa = PBXFileReference; lastKnownFileType = file.storyboard; name = Base; path = Base.lproj/Main.storyboard; sourceTree = "<group>"; };
		95674F0F26F229110014D1D5 /* Assets.xcassets */ = {isa = PBXFileReference; lastKnownFileType = folder.assetcatalog; path = Assets.xcassets; sourceTree = "<group>"; };
		95674F1226F229110014D1D5 /* Base */ = {isa = PBXFileReference; lastKnownFileType = file.storyboard; name = Base; path = Base.lproj/LaunchScreen.storyboard; sourceTree = "<group>"; };
		95674F1426F229110014D1D5 /* Info.plist */ = {isa = PBXFileReference; lastKnownFileType = text.plist.xml; path = Info.plist; sourceTree = "<group>"; };
		95674F1A26F229440014D1D5 /* Coordinator.swift */ = {isa = PBXFileReference; lastKnownFileType = sourcecode.swift; path = Coordinator.swift; sourceTree = "<group>"; };
		95674F2126F23CF70014D1D5 /* ChooseColor.storyboard */ = {isa = PBXFileReference; lastKnownFileType = file.storyboard; path = ChooseColor.storyboard; sourceTree = "<group>"; };
		95674F2326F23D0A0014D1D5 /* Color.storyboard */ = {isa = PBXFileReference; lastKnownFileType = file.storyboard; path = Color.storyboard; sourceTree = "<group>"; };
		95674F2526F23D370014D1D5 /* ChooseColorViewController.swift */ = {isa = PBXFileReference; lastKnownFileType = sourcecode.swift; path = ChooseColorViewController.swift; sourceTree = "<group>"; };
		95674F2726F23D440014D1D5 /* ColorViewController.swift */ = {isa = PBXFileReference; lastKnownFileType = sourcecode.swift; path = ColorViewController.swift; sourceTree = "<group>"; };
		95674F2926F241C70014D1D5 /* Storyboarded.swift */ = {isa = PBXFileReference; lastKnownFileType = sourcecode.swift; path = Storyboarded.swift; sourceTree = "<group>"; };
		95674F2B26F2445C0014D1D5 /* MainCoordinator.swift */ = {isa = PBXFileReference; lastKnownFileType = sourcecode.swift; path = MainCoordinator.swift; sourceTree = "<group>"; };
		95D0C52F26F38BBF002F563D /* NumderRequestManager.swift */ = {isa = PBXFileReference; lastKnownFileType = sourcecode.swift; path = NumderRequestManager.swift; sourceTree = "<group>"; };
		95D0C53626F491E3002F563D /* ChooseColorViewModule.swift */ = {isa = PBXFileReference; lastKnownFileType = sourcecode.swift; path = ChooseColorViewModule.swift; sourceTree = "<group>"; };
		95D0C53B26F4951E002F563D /* ColorViewModel.swift */ = {isa = PBXFileReference; lastKnownFileType = sourcecode.swift; path = ColorViewModel.swift; sourceTree = "<group>"; };
/* End PBXFileReference section */

/* Begin PBXFrameworksBuildPhase section */
		95674F0026F2290C0014D1D5 /* Frameworks */ = {
			isa = PBXFrameworksBuildPhase;
			buildActionMask = 2147483647;
			files = (
			);
			runOnlyForDeploymentPostprocessing = 0;
		};
/* End PBXFrameworksBuildPhase section */

/* Begin PBXGroup section */
		5367E56026F34EF5008535DF /* SupportingFIles */ = {
			isa = PBXGroup;
			children = (
				95674F0626F2290C0014D1D5 /* AppDelegate.swift */,
				95674F0826F2290C0014D1D5 /* SceneDelegate.swift */,
				95674F1126F229110014D1D5 /* LaunchScreen.storyboard */,
			);
			path = SupportingFIles;
			sourceTree = "<group>";
		};
		95674EFA26F2290C0014D1D5 = {
			isa = PBXGroup;
			children = (
				95674F0526F2290C0014D1D5 /* CoordinatorTestUIKit */,
				95674F0426F2290C0014D1D5 /* Products */,
			);
			sourceTree = "<group>";
		};
		95674F0426F2290C0014D1D5 /* Products */ = {
			isa = PBXGroup;
			children = (
				95674F0326F2290C0014D1D5 /* CoordinatorTestUIKit.app */,
			);
			name = Products;
			sourceTree = "<group>";
		};
		95674F0526F2290C0014D1D5 /* CoordinatorTestUIKit */ = {
			isa = PBXGroup;
			children = (
				95D0C53426F48B9B002F563D /* Coordinator */,
				95D0C53226F48A9E002F563D /* Managers */,
				95D0C53326F48AB1002F563D /* UIKitExtensions */,
				95674F2026F23C1D0014D1D5 /* ViewControllers */,
				95674F2326F23D0A0014D1D5 /* Color.storyboard */,
				95674F2126F23CF70014D1D5 /* ChooseColor.storyboard */,
				95674F0C26F2290C0014D1D5 /* Main.storyboard */,
				95674F0F26F229110014D1D5 /* Assets.xcassets */,
				95674F1426F229110014D1D5 /* Info.plist */,
				5367E56026F34EF5008535DF /* SupportingFIles */,
			);
			path = CoordinatorTestUIKit;
			sourceTree = "<group>";
		};
		95674F2026F23C1D0014D1D5 /* ViewControllers */ = {
			isa = PBXGroup;
			children = (
				95D0C53A26F4950D002F563D /* Color */,
				95D0C53926F494EF002F563D /* ChooseColor */,
				95674F0A26F2290C0014D1D5 /* MainViewController.swift */,
			);
			path = ViewControllers;
			sourceTree = "<group>";
		};
		95D0C53226F48A9E002F563D /* Managers */ = {
			isa = PBXGroup;
			children = (
				95D0C52F26F38BBF002F563D /* NumderRequestManager.swift */,
			);
			path = Managers;
			sourceTree = "<group>";
		};
		95D0C53326F48AB1002F563D /* UIKitExtensions */ = {
			isa = PBXGroup;
			children = (
				95674F2926F241C70014D1D5 /* Storyboarded.swift */,
			);
			path = UIKitExtensions;
			sourceTree = "<group>";
		};
		95D0C53426F48B9B002F563D /* Coordinator */ = {
			isa = PBXGroup;
			children = (
				95674F1A26F229440014D1D5 /* Coordinator.swift */,
				95674F2B26F2445C0014D1D5 /* MainCoordinator.swift */,
			);
			path = Coordinator;
			sourceTree = "<group>";
		};
		95D0C53926F494EF002F563D /* ChooseColor */ = {
			isa = PBXGroup;
			children = (
				95D0C53626F491E3002F563D /* ChooseColorViewModule.swift */,
				95674F2526F23D370014D1D5 /* ChooseColorViewController.swift */,
			);
			path = ChooseColor;
			sourceTree = "<group>";
		};
		95D0C53A26F4950D002F563D /* Color */ = {
			isa = PBXGroup;
			children = (
				95674F2726F23D440014D1D5 /* ColorViewController.swift */,
				95D0C53B26F4951E002F563D /* ColorViewModel.swift */,
			);
			path = Color;
			sourceTree = "<group>";
		};
/* End PBXGroup section */

/* Begin PBXNativeTarget section */
		95674F0226F2290C0014D1D5 /* CoordinatorTestUIKit */ = {
			isa = PBXNativeTarget;
			buildConfigurationList = 95674F1726F229110014D1D5 /* Build configuration list for PBXNativeTarget "CoordinatorTestUIKit" */;
			buildPhases = (
				95674EFF26F2290C0014D1D5 /* Sources */,
				95674F0026F2290C0014D1D5 /* Frameworks */,
				95674F0126F2290C0014D1D5 /* Resources */,
			);
			buildRules = (
			);
			dependencies = (
			);
			name = CoordinatorTestUIKit;
			productName = CoordinatorTestUIKit;
			productReference = 95674F0326F2290C0014D1D5 /* CoordinatorTestUIKit.app */;
			productType = "com.apple.product-type.application";
		};
/* End PBXNativeTarget section */

/* Begin PBXProject section */
		95674EFB26F2290C0014D1D5 /* Project object */ = {
			isa = PBXProject;
			attributes = {
				LastSwiftUpdateCheck = 1250;
				LastUpgradeCheck = 1250;
				TargetAttributes = {
					95674F0226F2290C0014D1D5 = {
						CreatedOnToolsVersion = 12.5.1;
					};
				};
			};
			buildConfigurationList = 95674EFE26F2290C0014D1D5 /* Build configuration list for PBXProject "CoordinatorTestUIKit" */;
			compatibilityVersion = "Xcode 9.3";
			developmentRegion = en;
			hasScannedForEncodings = 0;
			knownRegions = (
				en,
				Base,
			);
			mainGroup = 95674EFA26F2290C0014D1D5;
			productRefGroup = 95674F0426F2290C0014D1D5 /* Products */;
			projectDirPath = "";
			projectRoot = "";
			targets = (
				95674F0226F2290C0014D1D5 /* CoordinatorTestUIKit */,
			);
		};
/* End PBXProject section */

/* Begin PBXResourcesBuildPhase section */
		95674F0126F2290C0014D1D5 /* Resources */ = {
			isa = PBXResourcesBuildPhase;
			buildActionMask = 2147483647;
			files = (
				95674F2226F23CF70014D1D5 /* ChooseColor.storyboard in Resources */,
				95674F1326F229110014D1D5 /* LaunchScreen.storyboard in Resources */,
				95674F2426F23D0A0014D1D5 /* Color.storyboard in Resources */,
				95674F1026F229110014D1D5 /* Assets.xcassets in Resources */,
				95674F0E26F2290C0014D1D5 /* Main.storyboard in Resources */,
			);
			runOnlyForDeploymentPostprocessing = 0;
		};
/* End PBXResourcesBuildPhase section */

/* Begin PBXSourcesBuildPhase section */
		95674EFF26F2290C0014D1D5 /* Sources */ = {
			isa = PBXSourcesBuildPhase;
			buildActionMask = 2147483647;
			files = (
				95674F2626F23D370014D1D5 /* ChooseColorViewController.swift in Sources */,
				95674F2C26F2445C0014D1D5 /* MainCoordinator.swift in Sources */,
				95674F2826F23D440014D1D5 /* ColorViewController.swift in Sources */,
				95D0C53026F38BBF002F563D /* NumderRequestManager.swift in Sources */,
				95674F1B26F229440014D1D5 /* Coordinator.swift in Sources */,
				95D0C53726F491E3002F563D /* ChooseColorViewModule.swift in Sources */,
				95674F0B26F2290C0014D1D5 /* MainViewController.swift in Sources */,
				95674F0726F2290C0014D1D5 /* AppDelegate.swift in Sources */,
				95674F0926F2290C0014D1D5 /* SceneDelegate.swift in Sources */,
				95D0C53C26F4951E002F563D /* ColorViewModel.swift in Sources */,
				95674F2A26F241C70014D1D5 /* Storyboarded.swift in Sources */,
			);
			runOnlyForDeploymentPostprocessing = 0;
		};
/* End PBXSourcesBuildPhase section */

/* Begin PBXVariantGroup section */
		95674F0C26F2290C0014D1D5 /* Main.storyboard */ = {
			isa = PBXVariantGroup;
			children = (
				95674F0D26F2290C0014D1D5 /* Base */,
			);
			name = Main.storyboard;
			sourceTree = "<group>";
		};
		95674F1126F229110014D1D5 /* LaunchScreen.storyboard */ = {
			isa = PBXVariantGroup;
			children = (
				95674F1226F229110014D1D5 /* Base */,
			);
			name = LaunchScreen.storyboard;
			sourceTree = "<group>";
		};
/* End PBXVariantGroup section */

/* Begin XCBuildConfiguration section */
		95674F1526F229110014D1D5 /* Debug */ = {
			isa = XCBuildConfiguration;
			buildSettings = {
				ALWAYS_SEARCH_USER_PATHS = NO;
				CLANG_ANALYZER_NONNULL = YES;
				CLANG_ANALYZER_NUMBER_OBJECT_CONVERSION = YES_AGGRESSIVE;
				CLANG_CXX_LANGUAGE_STANDARD = "gnu++14";
				CLANG_CXX_LIBRARY = "libc++";
				CLANG_ENABLE_MODULES = YES;
				CLANG_ENABLE_OBJC_ARC = YES;
				CLANG_ENABLE_OBJC_WEAK = YES;
				CLANG_WARN_BLOCK_CAPTURE_AUTORELEASING = YES;
				CLANG_WARN_BOOL_CONVERSION = YES;
				CLANG_WARN_COMMA = YES;
				CLANG_WARN_CONSTANT_CONVERSION = YES;
				CLANG_WARN_DEPRECATED_OBJC_IMPLEMENTATIONS = YES;
				CLANG_WARN_DIRECT_OBJC_ISA_USAGE = YES_ERROR;
				CLANG_WARN_DOCUMENTATION_COMMENTS = YES;
				CLANG_WARN_EMPTY_BODY = YES;
				CLANG_WARN_ENUM_CONVERSION = YES;
				CLANG_WARN_INFINITE_RECURSION = YES;
				CLANG_WARN_INT_CONVERSION = YES;
				CLANG_WARN_NON_LITERAL_NULL_CONVERSION = YES;
				CLANG_WARN_OBJC_IMPLICIT_RETAIN_SELF = YES;
				CLANG_WARN_OBJC_LITERAL_CONVERSION = YES;
				CLANG_WARN_OBJC_ROOT_CLASS = YES_ERROR;
				CLANG_WARN_QUOTED_INCLUDE_IN_FRAMEWORK_HEADER = YES;
				CLANG_WARN_RANGE_LOOP_ANALYSIS = YES;
				CLANG_WARN_STRICT_PROTOTYPES = YES;
				CLANG_WARN_SUSPICIOUS_MOVE = YES;
				CLANG_WARN_UNGUARDED_AVAILABILITY = YES_AGGRESSIVE;
				CLANG_WARN_UNREACHABLE_CODE = YES;
				CLANG_WARN__DUPLICATE_METHOD_MATCH = YES;
				COPY_PHASE_STRIP = NO;
				DEBUG_INFORMATION_FORMAT = dwarf;
				ENABLE_STRICT_OBJC_MSGSEND = YES;
				ENABLE_TESTABILITY = YES;
				GCC_C_LANGUAGE_STANDARD = gnu11;
				GCC_DYNAMIC_NO_PIC = NO;
				GCC_NO_COMMON_BLOCKS = YES;
				GCC_OPTIMIZATION_LEVEL = 0;
				GCC_PREPROCESSOR_DEFINITIONS = (
					"DEBUG=1",
					"$(inherited)",
				);
				GCC_WARN_64_TO_32_BIT_CONVERSION = YES;
				GCC_WARN_ABOUT_RETURN_TYPE = YES_ERROR;
				GCC_WARN_UNDECLARED_SELECTOR = YES;
				GCC_WARN_UNINITIALIZED_AUTOS = YES_AGGRESSIVE;
				GCC_WARN_UNUSED_FUNCTION = YES;
				GCC_WARN_UNUSED_VARIABLE = YES;
				IPHONEOS_DEPLOYMENT_TARGET = 14.5;
				MTL_ENABLE_DEBUG_INFO = INCLUDE_SOURCE;
				MTL_FAST_MATH = YES;
				ONLY_ACTIVE_ARCH = YES;
				SDKROOT = iphoneos;
				SWIFT_ACTIVE_COMPILATION_CONDITIONS = DEBUG;
				SWIFT_OPTIMIZATION_LEVEL = "-Onone";
			};
			name = Debug;
		};
		95674F1626F229110014D1D5 /* Release */ = {
			isa = XCBuildConfiguration;
			buildSettings = {
				ALWAYS_SEARCH_USER_PATHS = NO;
				CLANG_ANALYZER_NONNULL = YES;
				CLANG_ANALYZER_NUMBER_OBJECT_CONVERSION = YES_AGGRESSIVE;
				CLANG_CXX_LANGUAGE_STANDARD = "gnu++14";
				CLANG_CXX_LIBRARY = "libc++";
				CLANG_ENABLE_MODULES = YES;
				CLANG_ENABLE_OBJC_ARC = YES;
				CLANG_ENABLE_OBJC_WEAK = YES;
				CLANG_WARN_BLOCK_CAPTURE_AUTORELEASING = YES;
				CLANG_WARN_BOOL_CONVERSION = YES;
				CLANG_WARN_COMMA = YES;
				CLANG_WARN_CONSTANT_CONVERSION = YES;
				CLANG_WARN_DEPRECATED_OBJC_IMPLEMENTATIONS = YES;
				CLANG_WARN_DIRECT_OBJC_ISA_USAGE = YES_ERROR;
				CLANG_WARN_DOCUMENTATION_COMMENTS = YES;
				CLANG_WARN_EMPTY_BODY = YES;
				CLANG_WARN_ENUM_CONVERSION = YES;
				CLANG_WARN_INFINITE_RECURSION = YES;
				CLANG_WARN_INT_CONVERSION = YES;
				CLANG_WARN_NON_LITERAL_NULL_CONVERSION = YES;
				CLANG_WARN_OBJC_IMPLICIT_RETAIN_SELF = YES;
				CLANG_WARN_OBJC_LITERAL_CONVERSION = YES;
				CLANG_WARN_OBJC_ROOT_CLASS = YES_ERROR;
				CLANG_WARN_QUOTED_INCLUDE_IN_FRAMEWORK_HEADER = YES;
				CLANG_WARN_RANGE_LOOP_ANALYSIS = YES;
				CLANG_WARN_STRICT_PROTOTYPES = YES;
				CLANG_WARN_SUSPICIOUS_MOVE = YES;
				CLANG_WARN_UNGUARDED_AVAILABILITY = YES_AGGRESSIVE;
				CLANG_WARN_UNREACHABLE_CODE = YES;
				CLANG_WARN__DUPLICATE_METHOD_MATCH = YES;
				COPY_PHASE_STRIP = NO;
				DEBUG_INFORMATION_FORMAT = "dwarf-with-dsym";
				ENABLE_NS_ASSERTIONS = NO;
				ENABLE_STRICT_OBJC_MSGSEND = YES;
				GCC_C_LANGUAGE_STANDARD = gnu11;
				GCC_NO_COMMON_BLOCKS = YES;
				GCC_WARN_64_TO_32_BIT_CONVERSION = YES;
				GCC_WARN_ABOUT_RETURN_TYPE = YES_ERROR;
				GCC_WARN_UNDECLARED_SELECTOR = YES;
				GCC_WARN_UNINITIALIZED_AUTOS = YES_AGGRESSIVE;
				GCC_WARN_UNUSED_FUNCTION = YES;
				GCC_WARN_UNUSED_VARIABLE = YES;
				IPHONEOS_DEPLOYMENT_TARGET = 14.5;
				MTL_ENABLE_DEBUG_INFO = NO;
				MTL_FAST_MATH = YES;
				SDKROOT = iphoneos;
				SWIFT_COMPILATION_MODE = wholemodule;
				SWIFT_OPTIMIZATION_LEVEL = "-O";
				VALIDATE_PRODUCT = YES;
			};
			name = Release;
		};
		95674F1826F229110014D1D5 /* Debug */ = {
			isa = XCBuildConfiguration;
			buildSettings = {
				ASSETCATALOG_COMPILER_APPICON_NAME = AppIcon;
				ASSETCATALOG_COMPILER_GLOBAL_ACCENT_COLOR_NAME = AccentColor;
				CODE_SIGN_STYLE = Automatic;
				DEVELOPMENT_TEAM = 744VW4YN96;
				INFOPLIST_FILE = CoordinatorTestUIKit/Info.plist;
				LD_RUNPATH_SEARCH_PATHS = (
					"$(inherited)",
					"@executable_path/Frameworks",
				);
				PRODUCT_BUNDLE_IDENTIFIER = kk.CoordinatorTestUIKit;
				PRODUCT_NAME = "$(TARGET_NAME)";
				SWIFT_VERSION = 5.0;
				TARGETED_DEVICE_FAMILY = "1,2";
			};
			name = Debug;
		};
		95674F1926F229110014D1D5 /* Release */ = {
			isa = XCBuildConfiguration;
			buildSettings = {
				ASSETCATALOG_COMPILER_APPICON_NAME = AppIcon;
				ASSETCATALOG_COMPILER_GLOBAL_ACCENT_COLOR_NAME = AccentColor;
				CODE_SIGN_STYLE = Automatic;
				DEVELOPMENT_TEAM = 744VW4YN96;
				INFOPLIST_FILE = CoordinatorTestUIKit/Info.plist;
				LD_RUNPATH_SEARCH_PATHS = (
					"$(inherited)",
					"@executable_path/Frameworks",
				);
				PRODUCT_BUNDLE_IDENTIFIER = kk.CoordinatorTestUIKit;
				PRODUCT_NAME = "$(TARGET_NAME)";
				SWIFT_VERSION = 5.0;
				TARGETED_DEVICE_FAMILY = "1,2";
			};
			name = Release;
		};
/* End XCBuildConfiguration section */

/* Begin XCConfigurationList section */
		95674EFE26F2290C0014D1D5 /* Build configuration list for PBXProject "CoordinatorTestUIKit" */ = {
			isa = XCConfigurationList;
			buildConfigurations = (
				95674F1526F229110014D1D5 /* Debug */,
				95674F1626F229110014D1D5 /* Release */,
			);
			defaultConfigurationIsVisible = 0;
			defaultConfigurationName = Release;
		};
		95674F1726F229110014D1D5 /* Build configuration list for PBXNativeTarget "CoordinatorTestUIKit" */ = {
			isa = XCConfigurationList;
			buildConfigurations = (
				95674F1826F229110014D1D5 /* Debug */,
				95674F1926F229110014D1D5 /* Release */,
			);
			defaultConfigurationIsVisible = 0;
			defaultConfigurationName = Release;
		};
/* End XCConfigurationList section */
	};
	rootObject = 95674EFB26F2290C0014D1D5 /* Project object */;
}
